
Microsoft Visual Studio Solution File, Format Version 12.00
# Visual Studio Version 17
VisualStudioVersion = 17.5.002.0
MinimumVisualStudioVersion = 10.0.40219.1
Project("{9A19103F-16F7-4668-BE54-9A1E7A4F7556}") = "ProjectFabric.Blazor.Wasm", "ProjectFabric.Blazor.Wasm.csproj", "{C9CF7AC2-297E-4614-B4AF-C1EEC0795172}"
EndProject
Global
	GlobalSection(SolutionConfigurationPlatforms) = preSolution
		Debug|Any CPU = Debug|Any CPU
		Release|Any CPU = Release|Any CPU
	EndGlobalSection
	GlobalSection(ProjectConfigurationPlatforms) = postSolution
		{C9CF7AC2-297E-4614-B4AF-C1EEC0795172}.Debug|Any CPU.ActiveCfg = Debug|Any CPU
		{C9CF7AC2-297E-4614-B4AF-C1EEC0795172}.Debug|Any CPU.Build.0 = Debug|Any CPU
		{C9CF7AC2-297E-4614-B4AF-C1EEC0795172}.Release|Any CPU.ActiveCfg = Release|Any CPU
		{C9CF7AC2-297E-4614-B4AF-C1EEC0795172}.Release|Any CPU.Build.0 = Release|Any CPU
	EndGlobalSection
	GlobalSection(SolutionProperties) = preSolution
		HideSolutionNode = FALSE
	EndGlobalSection
	GlobalSection(ExtensibilityGlobals) = postSolution
		SolutionGuid = {D8258277-5CFE-4D5B-85A4-877D0C62A764}
	EndGlobalSection
EndGlobal
